// !$*UTF8*$!
{
	archiveVersion = 1;
	classes = {
	};
	objectVersion = 46;
	objects = {

/* Begin PBXBuildFile section */
		02427BA91E40AA2700D7AF97 /* ViewController.swift in Sources */ = {isa = PBXBuildFile; fileRef = 02427BA81E40AA2700D7AF97 /* ViewController.swift */; };
		02427BAC1E42715000D7AF97 /* Info.swift in Sources */ = {isa = PBXBuildFile; fileRef = 02427BAB1E42715000D7AF97 /* Info.swift */; };
		0288485A1E361EC600876E5B /* FriendRankingCell.swift in Sources */ = {isa = PBXBuildFile; fileRef = 028848591E361EC600876E5B /* FriendRankingCell.swift */; };
		02AB49B31E3A26B00056BB7F /* AirHorn.mp3 in Resources */ = {isa = PBXBuildFile; fileRef = 02AB49B21E3A26B00056BB7F /* AirHorn.mp3 */; };
		02C4FFA11E2E7C56004918A7 /* CL.mp3 in Resources */ = {isa = PBXBuildFile; fileRef = 02C4FFA01E2E7C56004918A7 /* CL.mp3 */; };
		02C96B681E277EE10021C03C /* AppDelegate.swift in Sources */ = {isa = PBXBuildFile; fileRef = 02C96B671E277EE10021C03C /* AppDelegate.swift */; };
		02C96B6A1E277EE10021C03C /* Start.swift in Sources */ = {isa = PBXBuildFile; fileRef = 02C96B691E277EE10021C03C /* Start.swift */; };
		02C96B6D1E277EE10021C03C /* Main.storyboard in Resources */ = {isa = PBXBuildFile; fileRef = 02C96B6B1E277EE10021C03C /* Main.storyboard */; };
		02C96B6F1E277EE10021C03C /* Assets.xcassets in Resources */ = {isa = PBXBuildFile; fileRef = 02C96B6E1E277EE10021C03C /* Assets.xcassets */; };
		02C96B721E277EE10021C03C /* LaunchScreen.storyboard in Resources */ = {isa = PBXBuildFile; fileRef = 02C96B701E277EE10021C03C /* LaunchScreen.storyboard */; };
		02E4F0A71E2F6CBB00E9533F /* GoogleService-Info.plist in Resources */ = {isa = PBXBuildFile; fileRef = 02E4F0A61E2F6CBB00E9533F /* GoogleService-Info.plist */; };
		02E4F0AB1E2F891B00E9533F /* FriendsCell.swift in Sources */ = {isa = PBXBuildFile; fileRef = 02E4F0AA1E2F891B00E9533F /* FriendsCell.swift */; };
		02E4F0AE1E2F8C2D00E9533F /* Friend.swift in Sources */ = {isa = PBXBuildFile; fileRef = 02E4F0AD1E2F8C2D00E9533F /* Friend.swift */; };
		02F335961E27EFD300E75B4C /* Menu.swift in Sources */ = {isa = PBXBuildFile; fileRef = 02F335951E27EFD300E75B4C /* Menu.swift */; };
		02F335981E27EFE700E75B4C /* Rankings.swift in Sources */ = {isa = PBXBuildFile; fileRef = 02F335971E27EFE700E75B4C /* Rankings.swift */; };
		02F3359A1E27EFEF00E75B4C /* Friends.swift in Sources */ = {isa = PBXBuildFile; fileRef = 02F335991E27EFEF00E75B4C /* Friends.swift */; };
		02F3359C1E27F00400E75B4C /* HelpMeStudy.swift in Sources */ = {isa = PBXBuildFile; fileRef = 02F3359B1E27F00400E75B4C /* HelpMeStudy.swift */; };
		6BBDE5A2E502613E388B1F82 /* Pods_Help_me_study.framework in Frameworks */ = {isa = PBXBuildFile; fileRef = 9AF378B3C90FB56D02E28C08 /* Pods_Help_me_study.framework */; };
/* End PBXBuildFile section */

/* Begin PBXFileReference section */
		02427BA81E40AA2700D7AF97 /* ViewController.swift */ = {isa = PBXFileReference; fileEncoding = 4; lastKnownFileType = sourcecode.swift; path = ViewController.swift; sourceTree = "<group>"; };
		02427BAB1E42715000D7AF97 /* Info.swift */ = {isa = PBXFileReference; fileEncoding = 4; lastKnownFileType = sourcecode.swift; path = Info.swift; sourceTree = "<group>"; };
		028848591E361EC600876E5B /* FriendRankingCell.swift */ = {isa = PBXFileReference; fileEncoding = 4; lastKnownFileType = sourcecode.swift; path = FriendRankingCell.swift; sourceTree = "<group>"; };
		02AB49B21E3A26B00056BB7F /* AirHorn.mp3 */ = {isa = PBXFileReference; lastKnownFileType = audio.mp3; path = AirHorn.mp3; sourceTree = "<group>"; };
		02C4FFA01E2E7C56004918A7 /* CL.mp3 */ = {isa = PBXFileReference; lastKnownFileType = audio.mp3; path = CL.mp3; sourceTree = "<group>"; };
		02C96B641E277EE10021C03C /* Help me study.app */ = {isa = PBXFileReference; explicitFileType = wrapper.application; includeInIndex = 0; path = "Help me study.app"; sourceTree = BUILT_PRODUCTS_DIR; };
		02C96B671E277EE10021C03C /* AppDelegate.swift */ = {isa = PBXFileReference; lastKnownFileType = sourcecode.swift; path = AppDelegate.swift; sourceTree = "<group>"; };
		02C96B691E277EE10021C03C /* Start.swift */ = {isa = PBXFileReference; lastKnownFileType = sourcecode.swift; path = Start.swift; sourceTree = "<group>"; };
		02C96B6C1E277EE10021C03C /* Base */ = {isa = PBXFileReference; lastKnownFileType = file.storyboard; name = Base; path = Base.lproj/Main.storyboard; sourceTree = "<group>"; };
		02C96B6E1E277EE10021C03C /* Assets.xcassets */ = {isa = PBXFileReference; lastKnownFileType = folder.assetcatalog; path = Assets.xcassets; sourceTree = "<group>"; };
		02C96B711E277EE10021C03C /* Base */ = {isa = PBXFileReference; lastKnownFileType = file.storyboard; name = Base; path = Base.lproj/LaunchScreen.storyboard; sourceTree = "<group>"; };
		02C96B731E277EE10021C03C /* Info.plist */ = {isa = PBXFileReference; lastKnownFileType = text.plist.xml; path = Info.plist; sourceTree = "<group>"; };
		02E4F0A61E2F6CBB00E9533F /* GoogleService-Info.plist */ = {isa = PBXFileReference; fileEncoding = 4; lastKnownFileType = text.plist.xml; path = "GoogleService-Info.plist"; sourceTree = "<group>"; };
		02E4F0AA1E2F891B00E9533F /* FriendsCell.swift */ = {isa = PBXFileReference; fileEncoding = 4; lastKnownFileType = sourcecode.swift; path = FriendsCell.swift; sourceTree = "<group>"; };
		02E4F0AD1E2F8C2D00E9533F /* Friend.swift */ = {isa = PBXFileReference; fileEncoding = 4; lastKnownFileType = sourcecode.swift; path = Friend.swift; sourceTree = "<group>"; };
		02F335951E27EFD300E75B4C /* Menu.swift */ = {isa = PBXFileReference; fileEncoding = 4; lastKnownFileType = sourcecode.swift; path = Menu.swift; sourceTree = "<group>"; };
		02F335971E27EFE700E75B4C /* Rankings.swift */ = {isa = PBXFileReference; fileEncoding = 4; lastKnownFileType = sourcecode.swift; path = Rankings.swift; sourceTree = "<group>"; };
		02F335991E27EFEF00E75B4C /* Friends.swift */ = {isa = PBXFileReference; fileEncoding = 4; lastKnownFileType = sourcecode.swift; path = Friends.swift; sourceTree = "<group>"; };
		02F3359B1E27F00400E75B4C /* HelpMeStudy.swift */ = {isa = PBXFileReference; fileEncoding = 4; lastKnownFileType = sourcecode.swift; path = HelpMeStudy.swift; sourceTree = "<group>"; };
		19B20C08B32C6911FFE9D155 /* Pods-Help me study.debug.xcconfig */ = {isa = PBXFileReference; includeInIndex = 1; lastKnownFileType = text.xcconfig; name = "Pods-Help me study.debug.xcconfig"; path = "Pods/Target Support Files/Pods-Help me study/Pods-Help me study.debug.xcconfig"; sourceTree = "<group>"; };
		6B24A543094ED78D2BD4976E /* Pods-Help me study.release.xcconfig */ = {isa = PBXFileReference; includeInIndex = 1; lastKnownFileType = text.xcconfig; name = "Pods-Help me study.release.xcconfig"; path = "Pods/Target Support Files/Pods-Help me study/Pods-Help me study.release.xcconfig"; sourceTree = "<group>"; };
		9AF378B3C90FB56D02E28C08 /* Pods_Help_me_study.framework */ = {isa = PBXFileReference; explicitFileType = wrapper.framework; includeInIndex = 0; path = Pods_Help_me_study.framework; sourceTree = BUILT_PRODUCTS_DIR; };
/* End PBXFileReference section */

/* Begin PBXFrameworksBuildPhase section */
		02C96B611E277EE00021C03C /* Frameworks */ = {
			isa = PBXFrameworksBuildPhase;
			buildActionMask = 2147483647;
			files = (
				6BBDE5A2E502613E388B1F82 /* Pods_Help_me_study.framework in Frameworks */,
			);
			runOnlyForDeploymentPostprocessing = 0;
		};
/* End PBXFrameworksBuildPhase section */

/* Begin PBXGroup section */
		0217BB4A1E2CCEB9002F0379 /* Layout */ = {
			isa = PBXGroup;
			children = (
				02C96B6B1E277EE10021C03C /* Main.storyboard */,
				02C96B701E277EE10021C03C /* LaunchScreen.storyboard */,
			);
			name = Layout;
			sourceTree = "<group>";
		};
		026F1F501E37881700DA2908 /* Cells */ = {
			isa = PBXGroup;
			children = (
				02E4F0AA1E2F891B00E9533F /* FriendsCell.swift */,
				028848591E361EC600876E5B /* FriendRankingCell.swift */,
			);
			name = Cells;
			sourceTree = "<group>";
		};
		02C4FFA21E2E7C65004918A7 /* Sounds */ = {
			isa = PBXGroup;
			children = (
				02AB49B21E3A26B00056BB7F /* AirHorn.mp3 */,
				02C4FFA01E2E7C56004918A7 /* CL.mp3 */,
			);
			name = Sounds;
			sourceTree = "<group>";
		};
		02C96B5B1E277EE00021C03C = {
			isa = PBXGroup;
			children = (
				02C96B661E277EE10021C03C /* Help me study */,
				02C96B651E277EE10021C03C /* Products */,
				53C8B668963D90A2FCA7A56E /* Pods */,
				7DC5C5DB3E76862B9578F99B /* Frameworks */,
			);
			sourceTree = "<group>";
		};
		02C96B651E277EE10021C03C /* Products */ = {
			isa = PBXGroup;
			children = (
				02C96B641E277EE10021C03C /* Help me study.app */,
			);
			name = Products;
			sourceTree = "<group>";
		};
		02C96B661E277EE10021C03C /* Help me study */ = {
			isa = PBXGroup;
			children = (
				02E4F0AC1E2F8BE800E9533F /* Objects */,
				02C96B671E277EE10021C03C /* AppDelegate.swift */,
				02C96B691E277EE10021C03C /* Start.swift */,
				02F335971E27EFE700E75B4C /* Rankings.swift */,
				02427BA81E40AA2700D7AF97 /* ViewController.swift */,
				02F335991E27EFEF00E75B4C /* Friends.swift */,
				02C4FFA21E2E7C65004918A7 /* Sounds */,
				02F3359B1E27F00400E75B4C /* HelpMeStudy.swift */,
				02427BAB1E42715000D7AF97 /* Info.swift */,
				02F335951E27EFD300E75B4C /* Menu.swift */,
				02C96B6E1E277EE10021C03C /* Assets.xcassets */,
				0217BB4A1E2CCEB9002F0379 /* Layout */,
				02C96B731E277EE10021C03C /* Info.plist */,
				02E4F0A61E2F6CBB00E9533F /* GoogleService-Info.plist */,
				026F1F501E37881700DA2908 /* Cells */,
			);
			path = "Help me study";
			sourceTree = "<group>";
		};
		02E4F0AC1E2F8BE800E9533F /* Objects */ = {
			isa = PBXGroup;
			children = (
				02E4F0AD1E2F8C2D00E9533F /* Friend.swift */,
			);
			name = Objects;
			sourceTree = "<group>";
		};
		53C8B668963D90A2FCA7A56E /* Pods */ = {
			isa = PBXGroup;
			children = (
				19B20C08B32C6911FFE9D155 /* Pods-Help me study.debug.xcconfig */,
				6B24A543094ED78D2BD4976E /* Pods-Help me study.release.xcconfig */,
			);
			name = Pods;
			sourceTree = "<group>";
		};
		7DC5C5DB3E76862B9578F99B /* Frameworks */ = {
			isa = PBXGroup;
			children = (
				9AF378B3C90FB56D02E28C08 /* Pods_Help_me_study.framework */,
			);
			name = Frameworks;
			sourceTree = "<group>";
		};
/* End PBXGroup section */

/* Begin PBXNativeTarget section */
		02C96B631E277EE00021C03C /* Help me study */ = {
			isa = PBXNativeTarget;
			buildConfigurationList = 02C96B761E277EE10021C03C /* Build configuration list for PBXNativeTarget "Help me study" */;
			buildPhases = (
				A533AB93E82F046D8B49A91D /* 📦 Check Pods Manifest.lock */,
				B1D5C003BA0FDA697496459D /* [CP] Check Pods Manifest.lock */,
				02C96B601E277EE00021C03C /* Sources */,
				02C96B611E277EE00021C03C /* Frameworks */,
				02C96B621E277EE00021C03C /* Resources */,
				4A7DD8F46BA5AB9622A3B676 /* [CP] Embed Pods Frameworks */,
				2F25DA7253B404510D1BC04B /* [CP] Copy Pods Resources */,
				7DA380A051794FA4A9F36D24 /* 📦 Embed Pods Frameworks */,
				F1D79C87E863F430CCD13B17 /* 📦 Copy Pods Resources */,
			);
			buildRules = (
			);
			dependencies = (
			);
			name = "Help me study";
			productName = "Help me study";
			productReference = 02C96B641E277EE10021C03C /* Help me study.app */;
			productType = "com.apple.product-type.application";
		};
/* End PBXNativeTarget section */

/* Begin PBXProject section */
		02C96B5C1E277EE00021C03C /* Project object */ = {
			isa = PBXProject;
			attributes = {
				LastSwiftUpdateCheck = 0820;
				LastUpgradeCheck = 0820;
				ORGANIZATIONNAME = "Nadav Baruch";
				TargetAttributes = {
					02C96B631E277EE00021C03C = {
						CreatedOnToolsVersion = 8.2.1;
						DevelopmentTeam = BV799T69S6;
						ProvisioningStyle = Automatic;
						SystemCapabilities = {
							com.apple.BackgroundModes = {
								enabled = 0;
							};
						};
					};
				};
			};
			buildConfigurationList = 02C96B5F1E277EE00021C03C /* Build configuration list for PBXProject "Help me study" */;
			compatibilityVersion = "Xcode 3.2";
			developmentRegion = English;
			hasScannedForEncodings = 0;
			knownRegions = (
				en,
				Base,
			);
			mainGroup = 02C96B5B1E277EE00021C03C;
			productRefGroup = 02C96B651E277EE10021C03C /* Products */;
			projectDirPath = "";
			projectRoot = "";
			targets = (
				02C96B631E277EE00021C03C /* Help me study */,
			);
		};
/* End PBXProject section */

/* Begin PBXResourcesBuildPhase section */
		02C96B621E277EE00021C03C /* Resources */ = {
			isa = PBXResourcesBuildPhase;
			buildActionMask = 2147483647;
			files = (
				02C96B721E277EE10021C03C /* LaunchScreen.storyboard in Resources */,
				02E4F0A71E2F6CBB00E9533F /* GoogleService-Info.plist in Resources */,
				02AB49B31E3A26B00056BB7F /* AirHorn.mp3 in Resources */,
				02C4FFA11E2E7C56004918A7 /* CL.mp3 in Resources */,
				02C96B6F1E277EE10021C03C /* Assets.xcassets in Resources */,
				02C96B6D1E277EE10021C03C /* Main.storyboard in Resources */,
			);
			runOnlyForDeploymentPostprocessing = 0;
		};
/* End PBXResourcesBuildPhase section */

/* Begin PBXShellScriptBuildPhase section */
		2F25DA7253B404510D1BC04B /* [CP] Copy Pods Resources */ = {
			isa = PBXShellScriptBuildPhase;
			buildActionMask = 2147483647;
			files = (
			);
			inputPaths = (
			);
			name = "[CP] Copy Pods Resources";
			outputPaths = (
			);
			runOnlyForDeploymentPostprocessing = 0;
			shellPath = /bin/sh;
			shellScript = "\"${SRCROOT}/Pods/Target Support Files/Pods-Help me study/Pods-Help me study-resources.sh\"\n";
			showEnvVarsInLog = 0;
		};
		4A7DD8F46BA5AB9622A3B676 /* [CP] Embed Pods Frameworks */ = {
			isa = PBXShellScriptBuildPhase;
			buildActionMask = 2147483647;
			files = (
			);
			inputPaths = (
			);
			name = "[CP] Embed Pods Frameworks";
			outputPaths = (
			);
			runOnlyForDeploymentPostprocessing = 0;
			shellPath = /bin/sh;
			shellScript = "\"${SRCROOT}/Pods/Target Support Files/Pods-Help me study/Pods-Help me study-frameworks.sh\"\n";
			showEnvVarsInLog = 0;
		};
		7DA380A051794FA4A9F36D24 /* 📦 Embed Pods Frameworks */ = {
			isa = PBXShellScriptBuildPhase;
			buildActionMask = 2147483647;
			files = (
			);
			inputPaths = (
			);
			name = "📦 Embed Pods Frameworks";
			outputPaths = (
			);
			runOnlyForDeploymentPostprocessing = 0;
			shellPath = /bin/sh;
			shellScript = "\"${SRCROOT}/Pods/Target Support Files/Pods-Help me study/Pods-Help me study-frameworks.sh\"\n";
			showEnvVarsInLog = 0;
		};
		A533AB93E82F046D8B49A91D /* 📦 Check Pods Manifest.lock */ = {
			isa = PBXShellScriptBuildPhase;
			buildActionMask = 2147483647;
			files = (
			);
			inputPaths = (
			);
			name = "📦 Check Pods Manifest.lock";
			outputPaths = (
			);
			runOnlyForDeploymentPostprocessing = 0;
			shellPath = /bin/sh;
			shellScript = "diff \"${PODS_ROOT}/../Podfile.lock\" \"${PODS_ROOT}/Manifest.lock\" > /dev/null\nif [[ $? != 0 ]] ; then\n    cat << EOM\nerror: The sandbox is not in sync with the Podfile.lock. Run 'pod install' or update your CocoaPods installation.\nEOM\n    exit 1\nfi\n";
			showEnvVarsInLog = 0;
		};
		B1D5C003BA0FDA697496459D /* [CP] Check Pods Manifest.lock */ = {
			isa = PBXShellScriptBuildPhase;
			buildActionMask = 2147483647;
			files = (
			);
			inputPaths = (
			);
			name = "[CP] Check Pods Manifest.lock";
			outputPaths = (
			);
			runOnlyForDeploymentPostprocessing = 0;
			shellPath = /bin/sh;
			shellScript = "diff \"${PODS_ROOT}/../Podfile.lock\" \"${PODS_ROOT}/Manifest.lock\" > /dev/null\nif [ $? != 0 ] ; then\n    # print error to STDERR\n    echo \"error: The sandbox is not in sync with the Podfile.lock. Run 'pod install' or update your CocoaPods installation.\" >&2\n    exit 1\nfi\n";
			showEnvVarsInLog = 0;
		};
		F1D79C87E863F430CCD13B17 /* 📦 Copy Pods Resources */ = {
			isa = PBXShellScriptBuildPhase;
			buildActionMask = 2147483647;
			files = (
			);
			inputPaths = (
			);
			name = "📦 Copy Pods Resources";
			outputPaths = (
			);
			runOnlyForDeploymentPostprocessing = 0;
			shellPath = /bin/sh;
			shellScript = "\"${SRCROOT}/Pods/Target Support Files/Pods-Help me study/Pods-Help me study-resources.sh\"\n";
			showEnvVarsInLog = 0;
		};
/* End PBXShellScriptBuildPhase section */

/* Begin PBXSourcesBuildPhase section */
		02C96B601E277EE00021C03C /* Sources */ = {
			isa = PBXSourcesBuildPhase;
			buildActionMask = 2147483647;
			files = (
				02427BA91E40AA2700D7AF97 /* ViewController.swift in Sources */,
				02F3359A1E27EFEF00E75B4C /* Friends.swift in Sources */,
				02C96B6A1E277EE10021C03C /* Start.swift in Sources */,
				02F335961E27EFD300E75B4C /* Menu.swift in Sources */,
				02F3359C1E27F00400E75B4C /* HelpMeStudy.swift in Sources */,
				02C96B681E277EE10021C03C /* AppDelegate.swift in Sources */,
				02E4F0AE1E2F8C2D00E9533F /* Friend.swift in Sources */,
				02F335981E27EFE700E75B4C /* Rankings.swift in Sources */,
				02E4F0AB1E2F891B00E9533F /* FriendsCell.swift in Sources */,
				0288485A1E361EC600876E5B /* FriendRankingCell.swift in Sources */,
				02427BAC1E42715000D7AF97 /* Info.swift in Sources */,
			);
			runOnlyForDeploymentPostprocessing = 0;
		};
/* End PBXSourcesBuildPhase section */

/* Begin PBXVariantGroup section */
		02C96B6B1E277EE10021C03C /* Main.storyboard */ = {
			isa = PBXVariantGroup;
			children = (
				02C96B6C1E277EE10021C03C /* Base */,
			);
			name = Main.storyboard;
			sourceTree = "<group>";
		};
		02C96B701E277EE10021C03C /* LaunchScreen.storyboard */ = {
			isa = PBXVariantGroup;
			children = (
				02C96B711E277EE10021C03C /* Base */,
			);
			name = LaunchScreen.storyboard;
			sourceTree = "<group>";
		};
/* End PBXVariantGroup section */

/* Begin XCBuildConfiguration section */
		02C96B741E277EE10021C03C /* Debug */ = {
			isa = XCBuildConfiguration;
			buildSettings = {
				ALWAYS_SEARCH_USER_PATHS = NO;
				CLANG_ANALYZER_NONNULL = YES;
				CLANG_CXX_LANGUAGE_STANDARD = "gnu++0x";
				CLANG_CXX_LIBRARY = "libc++";
				CLANG_ENABLE_MODULES = YES;
				CLANG_ENABLE_OBJC_ARC = YES;
				CLANG_WARN_BOOL_CONVERSION = YES;
				CLANG_WARN_CONSTANT_CONVERSION = YES;
				CLANG_WARN_DIRECT_OBJC_ISA_USAGE = YES_ERROR;
				CLANG_WARN_DOCUMENTATION_COMMENTS = YES;
				CLANG_WARN_EMPTY_BODY = YES;
				CLANG_WARN_ENUM_CONVERSION = YES;
				CLANG_WARN_INFINITE_RECURSION = YES;
				CLANG_WARN_INT_CONVERSION = YES;
				CLANG_WARN_OBJC_ROOT_CLASS = YES_ERROR;
				CLANG_WARN_SUSPICIOUS_MOVE = YES;
				CLANG_WARN_UNREACHABLE_CODE = YES;
				CLANG_WARN__DUPLICATE_METHOD_MATCH = YES;
				"CODE_SIGN_IDENTITY[sdk=iphoneos*]" = "iPhone Developer";
				COPY_PHASE_STRIP = NO;
				DEBUG_INFORMATION_FORMAT = dwarf;
				ENABLE_STRICT_OBJC_MSGSEND = YES;
				ENABLE_TESTABILITY = YES;
				GCC_C_LANGUAGE_STANDARD = gnu99;
				GCC_DYNAMIC_NO_PIC = NO;
				GCC_NO_COMMON_BLOCKS = YES;
				GCC_OPTIMIZATION_LEVEL = 0;
				GCC_PREPROCESSOR_DEFINITIONS = (
					"DEBUG=1",
					"$(inherited)",
				);
				GCC_WARN_64_TO_32_BIT_CONVERSION = YES;
				GCC_WARN_ABOUT_RETURN_TYPE = YES_ERROR;
				GCC_WARN_UNDECLARED_SELECTOR = YES;
				GCC_WARN_UNINITIALIZED_AUTOS = YES_AGGRESSIVE;
				GCC_WARN_UNUSED_FUNCTION = YES;
				GCC_WARN_UNUSED_VARIABLE = YES;
				IPHONEOS_DEPLOYMENT_TARGET = 10.2;
				MTL_ENABLE_DEBUG_INFO = YES;
				ONLY_ACTIVE_ARCH = YES;
				SDKROOT = iphoneos;
				SWIFT_ACTIVE_COMPILATION_CONDITIONS = DEBUG;
				SWIFT_OPTIMIZATION_LEVEL = "-Onone";
				TARGETED_DEVICE_FAMILY = "1,2";
			};
			name = Debug;
		};
		02C96B751E277EE10021C03C /* Release */ = {
			isa = XCBuildConfiguration;
			buildSettings = {
				ALWAYS_SEARCH_USER_PATHS = NO;
				CLANG_ANALYZER_NONNULL = YES;
				CLANG_CXX_LANGUAGE_STANDARD = "gnu++0x";
				CLANG_CXX_LIBRARY = "libc++";
				CLANG_ENABLE_MODULES = YES;
				CLANG_ENABLE_OBJC_ARC = YES;
				CLANG_WARN_BOOL_CONVERSION = YES;
				CLANG_WARN_CONSTANT_CONVERSION = YES;
				CLANG_WARN_DIRECT_OBJC_ISA_USAGE = YES_ERROR;
				CLANG_WARN_DOCUMENTATION_COMMENTS = YES;
				CLANG_WARN_EMPTY_BODY = YES;
				CLANG_WARN_ENUM_CONVERSION = YES;
				CLANG_WARN_INFINITE_RECURSION = YES;
				CLANG_WARN_INT_CONVERSION = YES;
				CLANG_WARN_OBJC_ROOT_CLASS = YES_ERROR;
				CLANG_WARN_SUSPICIOUS_MOVE = YES;
				CLANG_WARN_UNREACHABLE_CODE = YES;
				CLANG_WARN__DUPLICATE_METHOD_MATCH = YES;
				"CODE_SIGN_IDENTITY[sdk=iphoneos*]" = "iPhone Developer";
				COPY_PHASE_STRIP = NO;
				DEBUG_INFORMATION_FORMAT = "dwarf-with-dsym";
				ENABLE_NS_ASSERTIONS = NO;
				ENABLE_STRICT_OBJC_MSGSEND = YES;
				GCC_C_LANGUAGE_STANDARD = gnu99;
				GCC_NO_COMMON_BLOCKS = YES;
				GCC_WARN_64_TO_32_BIT_CONVERSION = YES;
				GCC_WARN_ABOUT_RETURN_TYPE = YES_ERROR;
				GCC_WARN_UNDECLARED_SELECTOR = YES;
				GCC_WARN_UNINITIALIZED_AUTOS = YES_AGGRESSIVE;
				GCC_WARN_UNUSED_FUNCTION = YES;
				GCC_WARN_UNUSED_VARIABLE = YES;
				IPHONEOS_DEPLOYMENT_TARGET = 10.2;
				MTL_ENABLE_DEBUG_INFO = NO;
				SDKROOT = iphoneos;
				SWIFT_OPTIMIZATION_LEVEL = "-Owholemodule";
				TARGETED_DEVICE_FAMILY = "1,2";
				VALIDATE_PRODUCT = YES;
			};
			name = Release;
		};
		02C96B771E277EE10021C03C /* Debug */ = {
			isa = XCBuildConfiguration;
			baseConfigurationReference = 19B20C08B32C6911FFE9D155 /* Pods-Help me study.debug.xcconfig */;
			buildSettings = {
				ASSETCATALOG_COMPILER_APPICON_NAME = AppIcon;
				DEVELOPMENT_TEAM = BV799T69S6;
				INFOPLIST_FILE = "Help me study/Info.plist";
				LD_RUNPATH_SEARCH_PATHS = "$(inherited) @executable_path/Frameworks";
				PRODUCT_BUNDLE_IDENTIFIER = "nl.mprog.Help-me-study";
				PRODUCT_NAME = "$(TARGET_NAME)";
				SWIFT_VERSION = 3.0;
			};
			name = Debug;
		};
		02C96B781E277EE10021C03C /* Release */ = {
			isa = XCBuildConfiguration;
			baseConfigurationReference = 6B24A543094ED78D2BD4976E /* Pods-Help me study.release.xcconfig */;
			buildSettings = {
				ASSETCATALOG_COMPILER_APPICON_NAME = AppIcon;
				DEVELOPMENT_TEAM = BV799T69S6;
				INFOPLIST_FILE = "Help me study/Info.plist";
				LD_RUNPATH_SEARCH_PATHS = "$(inherited) @executable_path/Frameworks";
				PRODUCT_BUNDLE_IDENTIFIER = "nl.mprog.Help-me-study";
				PRODUCT_NAME = "$(TARGET_NAME)";
				SWIFT_VERSION = 3.0;
			};
			name = Release;
		};
/* End XCBuildConfiguration section */

/* Begin XCConfigurationList section */
		02C96B5F1E277EE00021C03C /* Build configuration list for PBXProject "Help me study" */ = {
			isa = XCConfigurationList;
			buildConfigurations = (
				02C96B741E277EE10021C03C /* Debug */,
				02C96B751E277EE10021C03C /* Release */,
			);
			defaultConfigurationIsVisible = 0;
			defaultConfigurationName = Release;
		};
		02C96B761E277EE10021C03C /* Build configuration list for PBXNativeTarget "Help me study" */ = {
			isa = XCConfigurationList;
			buildConfigurations = (
				02C96B771E277EE10021C03C /* Debug */,
				02C96B781E277EE10021C03C /* Release */,
			);
			defaultConfigurationIsVisible = 0;
			defaultConfigurationName = Release;
		};
/* End XCConfigurationList section */
	};
	rootObject = 02C96B5C1E277EE00021C03C /* Project object */;
}
